{
  "name": "antoniovazquezblanco.github.io",
  "lockfileVersion": 2,
  "requires": true,
  "packages": {
    "": {
      "dependencies": {
        "modern-normalize": "^3.0.0"
      }
    },
    "node_modules/modern-normalize": {
      "version": "3.0.0",
      "resolved": "https://registry.npmjs.org/modern-normalize/-/modern-normalize-3.0.0.tgz",
      "integrity": "sha512-oY2uocgMUQC33i5rKZMWzhyJ+U2nsoiHDYyoDVFxYVBob8RIjZoCbRSbE4+a2/SfbGmZOhOJIavLrzz3BC72tw==",
      "engines": {
        "node": ">=6"
      },
      "funding": {
        "url": "https://github.com/sponsors/sindresorhus"
      }
    }
  },
  "dependencies": {
    "modern-normalize": {
      "version": "3.0.0",
      "resolved": "https://registry.npmjs.org/modern-normalize/-/modern-normalize-3.0.0.tgz",
      "integrity": "sha512-oY2uocgMUQC33i5rKZMWzhyJ+U2nsoiHDYyoDVFxYVBob8RIjZoCbRSbE4+a2/SfbGmZOhOJIavLrzz3BC72tw=="
    }
  }
}
